{
  "name": "ResumeAdjuster",
  "lockfileVersion": 3,
  "requires": true,
  "packages": {
    "": {
      "dependencies": {
        "pdfreader": "^3.0.6"
      }
    },
    "node_modules/pdf2json": {
      "version": "3.1.4",
      "resolved": "https://registry.npmjs.org/pdf2json/-/pdf2json-3.1.4.tgz",
      "integrity": "sha512-rS+VapXpXZr+5lUpHmRh3ugXdFXp24p1RyG24yP1DMpqP4t0mrYNGpLtpSbWD42PnQ59GIXofxF+yWb7M+3THg==",
      "bundleDependencies": [
        "@xmldom/xmldom"
      ],
      "license": "Apache-2.0",
      "dependencies": {
        "@xmldom/xmldom": "^0.8.10"
      },
      "bin": {
        "pdf2json": "bin/pdf2json.js"
      },
      "engines": {
        "node": ">=18.12.1",
        "npm": ">=8.19.2"
      }
    },
    "node_modules/pdf2json/node_modules/@xmldom/xmldom": {
      "version": "0.8.10",
      "inBundle": true,
      "license": "MIT",
      "engines": {
        "node": ">=10.0.0"
      }
    },
    "node_modules/pdfreader": {
      "version": "3.0.6",
      "resolved": "https://registry.npmjs.org/pdfreader/-/pdfreader-3.0.6.tgz",
      "integrity": "sha512-l1HqEYtoFTiVumYCMR9YO6EST/w4gfenfnKG7n7ENJNc1GOTzI8hjodvziWPHeoL6jsDli4QiS1v3ITtmNiadw==",
      "license": "MIT",
      "dependencies": {
        "pdf2json": "3.1.4"
      },
      "engines": {
        "node": ">=14"
      }
    }
  }
}
